
Microsoft Visual Studio Solution File, Format Version 12.00
Project("{2150E333-8FDC-42A3-9474-1A3956D46DE8}") = "1 - Domain", "1 - Domain", "{DCD260C4-2146-450A-B694-DA7221EEC335}"
EndProject
Project("{2150E333-8FDC-42A3-9474-1A3956D46DE8}") = "2 - SignatureReader", "2 - SignatureReader", "{AEC31E9B-CDD4-4673-B5C8-A8CBE3CCACF2}"
EndProject
Project("{2150E333-8FDC-42A3-9474-1A3956D46DE8}") = "2.1 - Application", "2.1 - Application", "{3265D933-3C04-469B-BEBB-563DF5352378}"
EndProject
Project("{2150E333-8FDC-42A3-9474-1A3956D46DE8}") = "2.2 - Domain", "2.2 - Domain", "{22797E10-DBA6-46C8-BB6D-B4D5EF689482}"
EndProject
Project("{2150E333-8FDC-42A3-9474-1A3956D46DE8}") = "2.3 - Service", "2.3 - Service", "{3546F486-B319-4FC5-8D90-82668065F9F4}"
EndProject
Project("{2150E333-8FDC-42A3-9474-1A3956D46DE8}") = "2.4 - Infra", "2.4 - Infra", "{E6A570DC-6BFB-41E0-8C5F-5BC8CB4E68A2}"
EndProject
Project("{2150E333-8FDC-42A3-9474-1A3956D46DE8}") = "2.5 - Test", "2.5 - Test", "{99445526-0B7C-4997-95AB-50E480D09168}"
EndProject
Global
	GlobalSection(SolutionConfigurationPlatforms) = preSolution
		Debug|Any CPU = Debug|Any CPU
		Release|Any CPU = Release|Any CPU
	EndGlobalSection
	GlobalSection(NestedProjects) = preSolution
		{3265D933-3C04-469B-BEBB-563DF5352378} = {AEC31E9B-CDD4-4673-B5C8-A8CBE3CCACF2}
		{22797E10-DBA6-46C8-BB6D-B4D5EF689482} = {AEC31E9B-CDD4-4673-B5C8-A8CBE3CCACF2}
		{3546F486-B319-4FC5-8D90-82668065F9F4} = {AEC31E9B-CDD4-4673-B5C8-A8CBE3CCACF2}
		{E6A570DC-6BFB-41E0-8C5F-5BC8CB4E68A2} = {AEC31E9B-CDD4-4673-B5C8-A8CBE3CCACF2}
		{99445526-0B7C-4997-95AB-50E480D09168} = {AEC31E9B-CDD4-4673-B5C8-A8CBE3CCACF2}
	EndGlobalSection
EndGlobal
